{
  "version": 4,
  "terraform_version": "1.4.2",
  "serial": 19,
  "lineage": "4724a521-ba57-6bed-aaa8-93354c94c092",
  "outputs": {
    "agent": {
      "value": {
        "created_at": "4085b2d6-c886-4af5-9de4-e00cb612385e",
        "description": "This agent restores objects from Reduced Redundancy.",
        "environment_variables": {
          "KUBIYA_DEBUG": "1",
          "KUBIYA_TOOL_TIMEOUT": "5m",
          "LOG_LEVEL": "INFO"
        },
        "groups": [
          "Admin",
          "Users"
        ],
        "id": "cb7a5440-0279-43a3-8a59-57dd5ea6d7ec",
        "image": "kubiya/base-agent:tools-v6",
        "instructions": "You are an intelligent agent that can assist with restoring objects from Reduced Redundancy storage class to Standard storage class.\n\n** You have access only to the commands you see on this prompt **\n",
        "integrations": [
          "slack"
        ],
        "is_debug_mode": false,
        "links": [],
        "model": "azure/gpt-4o",
        "name": "S3 Restore",
        "owner": null,
        "runner": "aks-mg",
        "secrets": [
          "TOOLS_GH_TOKEN"
        ],
        "starters": null,
        "tasks": null,
        "tool_sources": [
          "https://github.com/kubiya-solutions-engineering/s3restore/tools/*"
        ],
        "users": []
      },
      "type": [
        "object",
        {
          "created_at": "string",
          "description": "string",
          "environment_variables": [
            "map",
            "string"
          ],
          "groups": [
            "list",
            "string"
          ],
          "id": "string",
          "image": "string",
          "instructions": "string",
          "integrations": [
            "list",
            "string"
          ],
          "is_debug_mode": "bool",
          "links": [
            "list",
            "string"
          ],
          "model": "string",
          "name": "string",
          "owner": "string",
          "runner": "string",
          "secrets": [
            "list",
            "string"
          ],
          "starters": [
            "list",
            [
              "object",
              {
                "command": "string",
                "name": "string"
              }
            ]
          ],
          "tasks": [
            "list",
            [
              "object",
              {
                "description": "string",
                "name": "string",
                "prompt": "string"
              }
            ]
          ],
          "tool_sources": [
            "list",
            "string"
          ],
          "users": [
            "list",
            "string"
          ]
        }
      ]
    }
  },
  "resources": [
    {
      "mode": "managed",
      "type": "kubiya_agent",
      "name": "agent",
      "provider": "provider[\"registry.terraform.io/kubiya-terraform/kubiya\"]",
      "instances": [
        {
          "schema_version": 0,
          "attributes": {
            "created_at": "4085b2d6-c886-4af5-9de4-e00cb612385e",
            "description": "This agent restores objects from Reduced Redundancy.",
            "environment_variables": {
              "KUBIYA_DEBUG": "1",
              "KUBIYA_TOOL_TIMEOUT": "5m",
              "LOG_LEVEL": "INFO"
            },
            "groups": [
              "Admin",
              "Users"
            ],
            "id": "cb7a5440-0279-43a3-8a59-57dd5ea6d7ec",
            "image": "kubiya/base-agent:tools-v6",
            "instructions": "You are an intelligent agent that can assist with restoring objects from Reduced Redundancy storage class to Standard storage class.\n\n** You have access only to the commands you see on this prompt **\n",
            "integrations": [
              "slack"
            ],
            "is_debug_mode": false,
            "links": [],
            "model": "azure/gpt-4o",
            "name": "S3 Restore",
            "owner": null,
            "runner": "aks-mg",
            "secrets": [
              "TOOLS_GH_TOKEN"
            ],
            "starters": null,
            "tasks": null,
            "tool_sources": [
              "https://github.com/kubiya-solutions-engineering/s3restore/tools/*"
            ],
            "users": []
          },
          "sensitive_attributes": []
        }
      ]
    }
  ],
  "check_results": null
}
